{
  "nodes": {
    "flake-compat": {
      "flake": false,
      "locked": {
        "lastModified": 1696426674,
        "narHash": "sha256-kvjfFW7WAETZlt09AgDn1MrtKzP7t90Vf7vypd3OL1U=",
        "owner": "edolstra",
        "repo": "flake-compat",
        "rev": "0f9255e01c2351cc7d116c072cb317785dd33b33",
        "type": "github"
      },
      "original": {
        "owner": "edolstra",
        "repo": "flake-compat",
        "type": "github"
      }
    },
    "flake-parts": {
      "inputs": {
        "nixpkgs-lib": "nixpkgs-lib"
      },
      "locked": {
        "lastModified": 1730504689,
        "narHash": "sha256-hgmguH29K2fvs9szpq2r3pz2/8cJd2LPS+b4tfNFCwE=",
        "owner": "hercules-ci",
        "repo": "flake-parts",
        "rev": "506278e768c2a08bec68eb62932193e341f55c90",
        "type": "github"
      },
      "original": {
        "owner": "hercules-ci",
        "repo": "flake-parts",
        "type": "github"
      }
    },
    "home-manager": {
      "inputs": {
        "nixpkgs": [
          "nixpkgs"
        ]
      },
      "locked": {
        "lastModified": 1745557122,
        "narHash": "sha256-eqSo9ugzsqhFgaDFYUZj943nurlX4L6f+AW0skJ4W+M=",
        "owner": "nix-community",
        "repo": "home-manager",
        "rev": "dd26f75fb4ec1c731d4b1396eaf4439ce40a91c1",
        "type": "github"
      },
      "original": {
        "owner": "nix-community",
        "ref": "release-24.11",
        "repo": "home-manager",
        "type": "github"
      }
    },
    "lemFlake": {
      "inputs": {
        "flake-compat": "flake-compat",
        "flake-parts": "flake-parts",
        "nixpkgs": [
          "nixpkgs"
        ]
      },
      "locked": {
        "lastModified": 1745578667,
        "narHash": "sha256-/WAWwkDM7kAVRWcst4Bw1DPbW/NeJVpApLR1QtSYpww=",
        "owner": "lem-project",
        "repo": "lem",
        "rev": "5fd512c8bab9de9a62709ac858fbb56337260cd5",
        "type": "github"
      },
      "original": {
        "owner": "lem-project",
        "repo": "lem",
        "type": "github"
      }
    },
    "nixpkgs": {
      "locked": {
        "lastModified": 1745868005,
        "narHash": "sha256-hZScOyQphT4RUmSEJX+2OxjIlGgLwSd8iW1LNtAWIOs=",
        "owner": "NixOS",
        "repo": "nixpkgs",
        "rev": "330d0a4167924b43f31cc9406df363f71b768a02",
        "type": "github"
      },
      "original": {
        "owner": "NixOS",
        "ref": "nixos-24.11",
        "repo": "nixpkgs",
        "type": "github"
      }
    },
    "nixpkgs-lib": {
      "locked": {
        "lastModified": 1730504152,
        "narHash": "sha256-lXvH/vOfb4aGYyvFmZK/HlsNsr/0CVWlwYvo2rxJk3s=",
        "type": "tarball",
        "url": "https://github.com/NixOS/nixpkgs/archive/cc2f28000298e1269cea6612cd06ec9979dd5d7f.tar.gz"
      },
      "original": {
        "type": "tarball",
        "url": "https://github.com/NixOS/nixpkgs/archive/cc2f28000298e1269cea6612cd06ec9979dd5d7f.tar.gz"
      }
    },
    "root": {
      "inputs": {
        "home-manager": "home-manager",
        "lemFlake": "lemFlake",
        "nixpkgs": "nixpkgs"
      }
    }
  },
  "root": "root",
  "version": 7
}
